
Microsoft Visual Studio Solution File, Format Version 12.00
# Visual Studio 15
VisualStudioVersion = 15.0.26730.3
MinimumVisualStudioVersion = 10.0.40219.1
Project("{FAE04EC0-301F-11D3-BF4B-00C04F79EFBC}") = "DataBaseApi", "DataBase\DataBaseApi.csproj", "{37447349-649F-4308-A59F-ED68AFB99FFC}"
EndProject
Project("{FAE04EC0-301F-11D3-BF4B-00C04F79EFBC}") = "WFPerson", "WFPerson\WFPerson\WFPerson.csproj", "{2455EB10-EC0E-4925-BB4C-32B9B5430E11}"
EndProject
Project("{FAE04EC0-301F-11D3-BF4B-00C04F79EFBC}") = "WpfPerson", "WpfPerson\WpfPerson\WpfPerson.csproj", "{71C79A38-387B-4FE8-96EE-70F3F9AEEA65}"
EndProject
Global
	GlobalSection(SolutionConfigurationPlatforms) = preSolution
		Debug|Any CPU = Debug|Any CPU
		Release|Any CPU = Release|Any CPU
	EndGlobalSection
	GlobalSection(ProjectConfigurationPlatforms) = postSolution
		{37447349-649F-4308-A59F-ED68AFB99FFC}.Debug|Any CPU.ActiveCfg = Debug|Any CPU
		{37447349-649F-4308-A59F-ED68AFB99FFC}.Debug|Any CPU.Build.0 = Debug|Any CPU
		{37447349-649F-4308-A59F-ED68AFB99FFC}.Release|Any CPU.ActiveCfg = Release|Any CPU
		{37447349-649F-4308-A59F-ED68AFB99FFC}.Release|Any CPU.Build.0 = Release|Any CPU
		{2455EB10-EC0E-4925-BB4C-32B9B5430E11}.Debug|Any CPU.ActiveCfg = Debug|Any CPU
		{2455EB10-EC0E-4925-BB4C-32B9B5430E11}.Debug|Any CPU.Build.0 = Debug|Any CPU
		{2455EB10-EC0E-4925-BB4C-32B9B5430E11}.Release|Any CPU.ActiveCfg = Release|Any CPU
		{2455EB10-EC0E-4925-BB4C-32B9B5430E11}.Release|Any CPU.Build.0 = Release|Any CPU
		{71C79A38-387B-4FE8-96EE-70F3F9AEEA65}.Debug|Any CPU.ActiveCfg = Debug|Any CPU
		{71C79A38-387B-4FE8-96EE-70F3F9AEEA65}.Debug|Any CPU.Build.0 = Debug|Any CPU
		{71C79A38-387B-4FE8-96EE-70F3F9AEEA65}.Release|Any CPU.ActiveCfg = Release|Any CPU
		{71C79A38-387B-4FE8-96EE-70F3F9AEEA65}.Release|Any CPU.Build.0 = Release|Any CPU
	EndGlobalSection
	GlobalSection(SolutionProperties) = preSolution
		HideSolutionNode = FALSE
	EndGlobalSection
	GlobalSection(ExtensibilityGlobals) = postSolution
		SolutionGuid = {4DED4A28-8E6A-40B9-8A9D-7B00910AD745}
	EndGlobalSection
EndGlobal
