
Microsoft Visual Studio Solution File, Format Version 12.00
# Visual Studio 15
VisualStudioVersion = 15.0.26730.3
MinimumVisualStudioVersion = 10.0.40219.1
Project("{FAE04EC0-301F-11D3-BF4B-00C04F79EFBC}") = "WFPerson", "WFPerson\WFPerson.csproj", "{2455EB10-EC0E-4925-BB4C-32B9B5430E11}"
EndProject
Global
	GlobalSection(SolutionConfigurationPlatforms) = preSolution
		Debug|Any CPU = Debug|Any CPU
		Release|Any CPU = Release|Any CPU
	EndGlobalSection
	GlobalSection(ProjectConfigurationPlatforms) = postSolution
		{2455EB10-EC0E-4925-BB4C-32B9B5430E11}.Debug|Any CPU.ActiveCfg = Debug|Any CPU
		{2455EB10-EC0E-4925-BB4C-32B9B5430E11}.Debug|Any CPU.Build.0 = Debug|Any CPU
		{2455EB10-EC0E-4925-BB4C-32B9B5430E11}.Release|Any CPU.ActiveCfg = Release|Any CPU
		{2455EB10-EC0E-4925-BB4C-32B9B5430E11}.Release|Any CPU.Build.0 = Release|Any CPU
	EndGlobalSection
	GlobalSection(SolutionProperties) = preSolution
		HideSolutionNode = FALSE
	EndGlobalSection
	GlobalSection(ExtensibilityGlobals) = postSolution
		SolutionGuid = {D8A20BDE-5F25-453C-9BEB-92D9B92F6B8D}
	EndGlobalSection
EndGlobal
